
Microsoft Visual Studio Solution File, Format Version 12.00
# Visual Studio 2012
Project("{2150E333-8FDC-42A3-9474-1A3956D46DE8}") = "YX.Core", "YX.Core", "{715A45B7-3D24-43A9-B672-BB8B97E9500F}"
EndProject
Project("{2150E333-8FDC-42A3-9474-1A3956D46DE8}") = "YX.Tool", "YX.Tool", "{A2341884-9797-4A8E-8ECD-268569559579}"
EndProject
Project("{2150E333-8FDC-42A3-9474-1A3956D46DE8}") = "YX.WEB", "YX.WEB", "{5186CEE7-7220-4B7A-A6FF-1AA6CA384EE7}"
EndProject
Project("{FAE04EC0-301F-11D3-BF4B-00C04F79EFBC}") = "YXManage", "YXManage1.0\YXManage.csproj", "{BA148969-6AE6-48A8-B3CC-EE3E95141B80}"
EndProject
Project("{FAE04EC0-301F-11D3-BF4B-00C04F79EFBC}") = "CloudSalesDAL", "CloudSalesDAL\CloudSalesDAL.csproj", "{03242F3B-5C14-42D6-AAA1-26CE56A3499F}"
EndProject
Project("{FAE04EC0-301F-11D3-BF4B-00C04F79EFBC}") = "CloudSalesEntity", "CloudSalesEntity\CloudSalesEntity.csproj", "{6E99DE28-ADB3-4C22-8DE9-DEA1E44C04BB}"
EndProject
Project("{FAE04EC0-301F-11D3-BF4B-00C04F79EFBC}") = "CloudSalesTool", "CloudSalesTool\CloudSalesTool.csproj", "{C9ACA144-EA91-4FA5-A799-39D458AF1FCB}"
EndProject
Project("{FAE04EC0-301F-11D3-BF4B-00C04F79EFBC}") = "CloudSalesBusiness", "CloudSalesBusiness\CloudSalesBusiness.csproj", "{6322CB56-2693-4600-922D-0DEC06A8F59C}"
EndProject
Project("{FAE04EC0-301F-11D3-BF4B-00C04F79EFBC}") = "CloudSalesEnum", "CloudSalesEnum\CloudSalesEnum.csproj", "{B86924C1-EC31-449F-97F3-258DFA43A44F}"
EndProject
Global
	GlobalSection(SolutionConfigurationPlatforms) = preSolution
		Debug|Any CPU = Debug|Any CPU
		Release|Any CPU = Release|Any CPU
	EndGlobalSection
	GlobalSection(ProjectConfigurationPlatforms) = postSolution
		{BA148969-6AE6-48A8-B3CC-EE3E95141B80}.Debug|Any CPU.ActiveCfg = Debug|Any CPU
		{BA148969-6AE6-48A8-B3CC-EE3E95141B80}.Debug|Any CPU.Build.0 = Debug|Any CPU
		{BA148969-6AE6-48A8-B3CC-EE3E95141B80}.Release|Any CPU.ActiveCfg = Release|Any CPU
		{BA148969-6AE6-48A8-B3CC-EE3E95141B80}.Release|Any CPU.Build.0 = Release|Any CPU
		{03242F3B-5C14-42D6-AAA1-26CE56A3499F}.Debug|Any CPU.ActiveCfg = Debug|Any CPU
		{03242F3B-5C14-42D6-AAA1-26CE56A3499F}.Debug|Any CPU.Build.0 = Debug|Any CPU
		{03242F3B-5C14-42D6-AAA1-26CE56A3499F}.Release|Any CPU.ActiveCfg = Release|Any CPU
		{03242F3B-5C14-42D6-AAA1-26CE56A3499F}.Release|Any CPU.Build.0 = Release|Any CPU
		{6E99DE28-ADB3-4C22-8DE9-DEA1E44C04BB}.Debug|Any CPU.ActiveCfg = Debug|Any CPU
		{6E99DE28-ADB3-4C22-8DE9-DEA1E44C04BB}.Debug|Any CPU.Build.0 = Debug|Any CPU
		{6E99DE28-ADB3-4C22-8DE9-DEA1E44C04BB}.Release|Any CPU.ActiveCfg = Release|Any CPU
		{6E99DE28-ADB3-4C22-8DE9-DEA1E44C04BB}.Release|Any CPU.Build.0 = Release|Any CPU
		{C9ACA144-EA91-4FA5-A799-39D458AF1FCB}.Debug|Any CPU.ActiveCfg = Debug|Any CPU
		{C9ACA144-EA91-4FA5-A799-39D458AF1FCB}.Debug|Any CPU.Build.0 = Debug|Any CPU
		{C9ACA144-EA91-4FA5-A799-39D458AF1FCB}.Release|Any CPU.ActiveCfg = Release|Any CPU
		{C9ACA144-EA91-4FA5-A799-39D458AF1FCB}.Release|Any CPU.Build.0 = Release|Any CPU
		{6322CB56-2693-4600-922D-0DEC06A8F59C}.Debug|Any CPU.ActiveCfg = Debug|Any CPU
		{6322CB56-2693-4600-922D-0DEC06A8F59C}.Debug|Any CPU.Build.0 = Debug|Any CPU
		{6322CB56-2693-4600-922D-0DEC06A8F59C}.Release|Any CPU.ActiveCfg = Release|Any CPU
		{6322CB56-2693-4600-922D-0DEC06A8F59C}.Release|Any CPU.Build.0 = Release|Any CPU
		{B86924C1-EC31-449F-97F3-258DFA43A44F}.Debug|Any CPU.ActiveCfg = Debug|Any CPU
		{B86924C1-EC31-449F-97F3-258DFA43A44F}.Debug|Any CPU.Build.0 = Debug|Any CPU
		{B86924C1-EC31-449F-97F3-258DFA43A44F}.Release|Any CPU.ActiveCfg = Release|Any CPU
		{B86924C1-EC31-449F-97F3-258DFA43A44F}.Release|Any CPU.Build.0 = Release|Any CPU
	EndGlobalSection
	GlobalSection(SolutionProperties) = preSolution
		HideSolutionNode = FALSE
	EndGlobalSection
	GlobalSection(NestedProjects) = preSolution
		{03242F3B-5C14-42D6-AAA1-26CE56A3499F} = {715A45B7-3D24-43A9-B672-BB8B97E9500F}
		{6E99DE28-ADB3-4C22-8DE9-DEA1E44C04BB} = {715A45B7-3D24-43A9-B672-BB8B97E9500F}
		{6322CB56-2693-4600-922D-0DEC06A8F59C} = {715A45B7-3D24-43A9-B672-BB8B97E9500F}
		{B86924C1-EC31-449F-97F3-258DFA43A44F} = {715A45B7-3D24-43A9-B672-BB8B97E9500F}
		{C9ACA144-EA91-4FA5-A799-39D458AF1FCB} = {A2341884-9797-4A8E-8ECD-268569559579}
		{BA148969-6AE6-48A8-B3CC-EE3E95141B80} = {5186CEE7-7220-4B7A-A6FF-1AA6CA384EE7}
	EndGlobalSection
EndGlobal
